
Microsoft Visual Studio Solution File, Format Version 12.00
# Visual Studio 14
VisualStudioVersion = 14.0.25420.1
MinimumVisualStudioVersion = 10.0.40219.1
Project("{FAE04EC0-301F-11D3-BF4B-00C04F79EFBC}") = "TravelAdvisor.Web", "TravelAdvisor.Web\TravelAdvisor.Web.csproj", "{52588543-A902-4816-987A-3F40EC387A90}"
EndProject
Project("{FAE04EC0-301F-11D3-BF4B-00C04F79EFBC}") = "TravelAdvisor.UnitTests", "TravelAdvisor.UnitTests\TravelAdvisor.UnitTests.csproj", "{73654C91-444A-44E7-A133-E9839501938F}"
EndProject
Project("{FAE04EC0-301F-11D3-BF4B-00C04F79EFBC}") = "TravelAdvisor.Data", "TravelAdvisor.Data\TravelAdvisor.Data.csproj", "{B336D2D5-0D97-4DF7-BDCC-267F0D6E343C}"
EndProject
Project("{FAE04EC0-301F-11D3-BF4B-00C04F79EFBC}") = "TravelAdvisor.Services", "TravelAdvisor.Services\TravelAdvisor.Services.csproj", "{E5CDBE79-A6E4-44F3-8D52-674EAD0C69A2}"
EndProject
Project("{FAE04EC0-301F-11D3-BF4B-00C04F79EFBC}") = "TravelAdvisor.Models", "TravelAdvisor.Models\TravelAdvisor.Models.csproj", "{303B73D3-F761-4AE5-9311-7AEF39AD81CB}"
EndProject
Project("{FAE04EC0-301F-11D3-BF4B-00C04F79EFBC}") = "TravelAdvisor.Common", "TravelAdvisor.Common\TravelAdvisor.Common.csproj", "{EECB37C0-433D-4BAE-B553-4BD5416928BC}"
EndProject
Global
	GlobalSection(SolutionConfigurationPlatforms) = preSolution
		Debug|Any CPU = Debug|Any CPU
		Release|Any CPU = Release|Any CPU
	EndGlobalSection
	GlobalSection(ProjectConfigurationPlatforms) = postSolution
		{52588543-A902-4816-987A-3F40EC387A90}.Debug|Any CPU.ActiveCfg = Debug|Any CPU
		{52588543-A902-4816-987A-3F40EC387A90}.Debug|Any CPU.Build.0 = Debug|Any CPU
		{52588543-A902-4816-987A-3F40EC387A90}.Release|Any CPU.ActiveCfg = Release|Any CPU
		{52588543-A902-4816-987A-3F40EC387A90}.Release|Any CPU.Build.0 = Release|Any CPU
		{73654C91-444A-44E7-A133-E9839501938F}.Debug|Any CPU.ActiveCfg = Debug|Any CPU
		{73654C91-444A-44E7-A133-E9839501938F}.Debug|Any CPU.Build.0 = Debug|Any CPU
		{73654C91-444A-44E7-A133-E9839501938F}.Release|Any CPU.ActiveCfg = Release|Any CPU
		{73654C91-444A-44E7-A133-E9839501938F}.Release|Any CPU.Build.0 = Release|Any CPU
		{B336D2D5-0D97-4DF7-BDCC-267F0D6E343C}.Debug|Any CPU.ActiveCfg = Debug|Any CPU
		{B336D2D5-0D97-4DF7-BDCC-267F0D6E343C}.Debug|Any CPU.Build.0 = Debug|Any CPU
		{B336D2D5-0D97-4DF7-BDCC-267F0D6E343C}.Release|Any CPU.ActiveCfg = Release|Any CPU
		{B336D2D5-0D97-4DF7-BDCC-267F0D6E343C}.Release|Any CPU.Build.0 = Release|Any CPU
		{E5CDBE79-A6E4-44F3-8D52-674EAD0C69A2}.Debug|Any CPU.ActiveCfg = Debug|Any CPU
		{E5CDBE79-A6E4-44F3-8D52-674EAD0C69A2}.Debug|Any CPU.Build.0 = Debug|Any CPU
		{E5CDBE79-A6E4-44F3-8D52-674EAD0C69A2}.Release|Any CPU.ActiveCfg = Release|Any CPU
		{E5CDBE79-A6E4-44F3-8D52-674EAD0C69A2}.Release|Any CPU.Build.0 = Release|Any CPU
		{303B73D3-F761-4AE5-9311-7AEF39AD81CB}.Debug|Any CPU.ActiveCfg = Debug|Any CPU
		{303B73D3-F761-4AE5-9311-7AEF39AD81CB}.Debug|Any CPU.Build.0 = Debug|Any CPU
		{303B73D3-F761-4AE5-9311-7AEF39AD81CB}.Release|Any CPU.ActiveCfg = Release|Any CPU
		{303B73D3-F761-4AE5-9311-7AEF39AD81CB}.Release|Any CPU.Build.0 = Release|Any CPU
		{EECB37C0-433D-4BAE-B553-4BD5416928BC}.Debug|Any CPU.ActiveCfg = Debug|Any CPU
		{EECB37C0-433D-4BAE-B553-4BD5416928BC}.Debug|Any CPU.Build.0 = Debug|Any CPU
		{EECB37C0-433D-4BAE-B553-4BD5416928BC}.Release|Any CPU.ActiveCfg = Release|Any CPU
		{EECB37C0-433D-4BAE-B553-4BD5416928BC}.Release|Any CPU.Build.0 = Release|Any CPU
	EndGlobalSection
	GlobalSection(SolutionProperties) = preSolution
		HideSolutionNode = FALSE
	EndGlobalSection
EndGlobal
