
Microsoft Visual Studio Solution File, Format Version 12.00
# Visual Studio 14
VisualStudioVersion = 14.0.25420.1
MinimumVisualStudioVersion = 10.0.40219.1
Project("{FAE04EC0-301F-11D3-BF4B-00C04F79EFBC}") = "TravelAdvisor.Web", "TravelAdvisor.Web\TravelAdvisor.Web.csproj", "{52588543-A902-4816-987A-3F40EC387A90}"
EndProject
Project("{2150E333-8FDC-42A3-9474-1A3956D46DE8}") = "TravelAdvisor.Business", "TravelAdvisor.Business", "{8AB1EBC7-BD32-4296-8BE6-6EBCFD25C4B7}"
EndProject
Project("{2150E333-8FDC-42A3-9474-1A3956D46DE8}") = "TravelAdvisor.UnitTests", "TravelAdvisor.UnitTests", "{DF330733-8B10-4E8A-8BC0-CC422E5F9507}"
EndProject
Project("{FAE04EC0-301F-11D3-BF4B-00C04F79EFBC}") = "TravelAdvisor.Web.UnitTests", "TravelAdvisor.UnitTests\TravelAdvisor.Web.UnitTests\TravelAdvisor.Web.UnitTests.csproj", "{77BA9AEC-083E-4D38-8BFA-73307196E977}"
EndProject
Project("{FAE04EC0-301F-11D3-BF4B-00C04F79EFBC}") = "TravelAdvisor.Business.UnitTests", "TravelAdvisor.UnitTests\TravelAdvisor.Business.UnitTests\TravelAdvisor.Business.UnitTests.csproj", "{F18A801B-F8F1-4E18-A28B-F3A3FAEFA6D3}"
EndProject
Project("{FAE04EC0-301F-11D3-BF4B-00C04F79EFBC}") = "TravelAdvisor.Business.Services", "TravelAdvisor.Business\TravelAdvisor.Business.Services\TravelAdvisor.Business.Services.csproj", "{1C491882-D9A4-4C99-A9D8-42CAD7254E16}"
EndProject
Project("{FAE04EC0-301F-11D3-BF4B-00C04F79EFBC}") = "TravelAdvisor.Business.Models", "TravelAdvisor.Business\TravelAdvisor.Business.Models\TravelAdvisor.Business.Models.csproj", "{10D2CF0E-4C50-401C-B314-DEB8C6F605C5}"
EndProject
Project("{FAE04EC0-301F-11D3-BF4B-00C04F79EFBC}") = "TravelAdvisor.Business.Data", "TravelAdvisor.Business\TravelAdvisor.Business.Data\TravelAdvisor.Business.Data.csproj", "{5F8119A0-0448-4BA4-A7FE-910464478BB0}"
EndProject
Project("{FAE04EC0-301F-11D3-BF4B-00C04F79EFBC}") = "TravelAdvisor.Business.Identity", "TravelAdvisor.Business\TravelAdvisor.Business.Identity\TravelAdvisor.Business.Identity.csproj", "{81A6D471-ED28-4642-AD38-7C37650050A8}"
EndProject
Project("{FAE04EC0-301F-11D3-BF4B-00C04F79EFBC}") = "TravelAdvisor.Business.Common", "TravelAdvisor.Business\TravelAdvisor.Business.Common\TravelAdvisor.Business.Common.csproj", "{2EF71E2E-B000-4125-87A1-EE4B7A1CCC85}"
EndProject
Global
	GlobalSection(SolutionConfigurationPlatforms) = preSolution
		Debug|Any CPU = Debug|Any CPU
		Release|Any CPU = Release|Any CPU
	EndGlobalSection
	GlobalSection(ProjectConfigurationPlatforms) = postSolution
		{52588543-A902-4816-987A-3F40EC387A90}.Debug|Any CPU.ActiveCfg = Debug|Any CPU
		{52588543-A902-4816-987A-3F40EC387A90}.Debug|Any CPU.Build.0 = Debug|Any CPU
		{52588543-A902-4816-987A-3F40EC387A90}.Release|Any CPU.ActiveCfg = Release|Any CPU
		{52588543-A902-4816-987A-3F40EC387A90}.Release|Any CPU.Build.0 = Release|Any CPU
		{77BA9AEC-083E-4D38-8BFA-73307196E977}.Debug|Any CPU.ActiveCfg = Debug|Any CPU
		{77BA9AEC-083E-4D38-8BFA-73307196E977}.Debug|Any CPU.Build.0 = Debug|Any CPU
		{77BA9AEC-083E-4D38-8BFA-73307196E977}.Release|Any CPU.ActiveCfg = Release|Any CPU
		{77BA9AEC-083E-4D38-8BFA-73307196E977}.Release|Any CPU.Build.0 = Release|Any CPU
		{F18A801B-F8F1-4E18-A28B-F3A3FAEFA6D3}.Debug|Any CPU.ActiveCfg = Debug|Any CPU
		{F18A801B-F8F1-4E18-A28B-F3A3FAEFA6D3}.Debug|Any CPU.Build.0 = Debug|Any CPU
		{F18A801B-F8F1-4E18-A28B-F3A3FAEFA6D3}.Release|Any CPU.ActiveCfg = Release|Any CPU
		{F18A801B-F8F1-4E18-A28B-F3A3FAEFA6D3}.Release|Any CPU.Build.0 = Release|Any CPU
		{1C491882-D9A4-4C99-A9D8-42CAD7254E16}.Debug|Any CPU.ActiveCfg = Debug|Any CPU
		{1C491882-D9A4-4C99-A9D8-42CAD7254E16}.Debug|Any CPU.Build.0 = Debug|Any CPU
		{1C491882-D9A4-4C99-A9D8-42CAD7254E16}.Release|Any CPU.ActiveCfg = Release|Any CPU
		{1C491882-D9A4-4C99-A9D8-42CAD7254E16}.Release|Any CPU.Build.0 = Release|Any CPU
		{10D2CF0E-4C50-401C-B314-DEB8C6F605C5}.Debug|Any CPU.ActiveCfg = Debug|Any CPU
		{10D2CF0E-4C50-401C-B314-DEB8C6F605C5}.Debug|Any CPU.Build.0 = Debug|Any CPU
		{10D2CF0E-4C50-401C-B314-DEB8C6F605C5}.Release|Any CPU.ActiveCfg = Release|Any CPU
		{10D2CF0E-4C50-401C-B314-DEB8C6F605C5}.Release|Any CPU.Build.0 = Release|Any CPU
		{5F8119A0-0448-4BA4-A7FE-910464478BB0}.Debug|Any CPU.ActiveCfg = Debug|Any CPU
		{5F8119A0-0448-4BA4-A7FE-910464478BB0}.Debug|Any CPU.Build.0 = Debug|Any CPU
		{5F8119A0-0448-4BA4-A7FE-910464478BB0}.Release|Any CPU.ActiveCfg = Release|Any CPU
		{5F8119A0-0448-4BA4-A7FE-910464478BB0}.Release|Any CPU.Build.0 = Release|Any CPU
		{81A6D471-ED28-4642-AD38-7C37650050A8}.Debug|Any CPU.ActiveCfg = Debug|Any CPU
		{81A6D471-ED28-4642-AD38-7C37650050A8}.Debug|Any CPU.Build.0 = Debug|Any CPU
		{81A6D471-ED28-4642-AD38-7C37650050A8}.Release|Any CPU.ActiveCfg = Release|Any CPU
		{81A6D471-ED28-4642-AD38-7C37650050A8}.Release|Any CPU.Build.0 = Release|Any CPU
		{2EF71E2E-B000-4125-87A1-EE4B7A1CCC85}.Debug|Any CPU.ActiveCfg = Debug|Any CPU
		{2EF71E2E-B000-4125-87A1-EE4B7A1CCC85}.Debug|Any CPU.Build.0 = Debug|Any CPU
		{2EF71E2E-B000-4125-87A1-EE4B7A1CCC85}.Release|Any CPU.ActiveCfg = Release|Any CPU
		{2EF71E2E-B000-4125-87A1-EE4B7A1CCC85}.Release|Any CPU.Build.0 = Release|Any CPU
	EndGlobalSection
	GlobalSection(SolutionProperties) = preSolution
		HideSolutionNode = FALSE
	EndGlobalSection
	GlobalSection(NestedProjects) = preSolution
		{77BA9AEC-083E-4D38-8BFA-73307196E977} = {DF330733-8B10-4E8A-8BC0-CC422E5F9507}
		{F18A801B-F8F1-4E18-A28B-F3A3FAEFA6D3} = {DF330733-8B10-4E8A-8BC0-CC422E5F9507}
		{1C491882-D9A4-4C99-A9D8-42CAD7254E16} = {8AB1EBC7-BD32-4296-8BE6-6EBCFD25C4B7}
		{10D2CF0E-4C50-401C-B314-DEB8C6F605C5} = {8AB1EBC7-BD32-4296-8BE6-6EBCFD25C4B7}
		{5F8119A0-0448-4BA4-A7FE-910464478BB0} = {8AB1EBC7-BD32-4296-8BE6-6EBCFD25C4B7}
		{81A6D471-ED28-4642-AD38-7C37650050A8} = {8AB1EBC7-BD32-4296-8BE6-6EBCFD25C4B7}
		{2EF71E2E-B000-4125-87A1-EE4B7A1CCC85} = {8AB1EBC7-BD32-4296-8BE6-6EBCFD25C4B7}
	EndGlobalSection
EndGlobal
